
Microsoft Visual Studio Solution File, Format Version 12.00
# Visual Studio Version 17
VisualStudioVersion = 17.14.36121.58 d17.14
MinimumVisualStudioVersion = 10.0.40219.1
Project("{8BC9CEB8-8B4A-11D0-8D11-00A0C91BC942}") = "ChatServer", "ChatServer\ChatServer.vcxproj", "{375FF014-98F8-4F2A-9B3C-A41CE766B241}"
EndProject
Global
	GlobalSection(SolutionConfigurationPlatforms) = preSolution
		Debug|x64 = Debug|x64
		Debug|x86 = Debug|x86
		Release|x64 = Release|x64
		Release|x86 = Release|x86
	EndGlobalSection
	GlobalSection(ProjectConfigurationPlatforms) = postSolution
		{375FF014-98F8-4F2A-9B3C-A41CE766B241}.Debug|x64.ActiveCfg = Debug|x64
		{375FF014-98F8-4F2A-9B3C-A41CE766B241}.Debug|x64.Build.0 = Debug|x64
		{375FF014-98F8-4F2A-9B3C-A41CE766B241}.Debug|x86.ActiveCfg = Debug|Win32
		{375FF014-98F8-4F2A-9B3C-A41CE766B241}.Debug|x86.Build.0 = Debug|Win32
		{375FF014-98F8-4F2A-9B3C-A41CE766B241}.Release|x64.ActiveCfg = Release|x64
		{375FF014-98F8-4F2A-9B3C-A41CE766B241}.Release|x64.Build.0 = Release|x64
		{375FF014-98F8-4F2A-9B3C-A41CE766B241}.Release|x86.ActiveCfg = Release|Win32
		{375FF014-98F8-4F2A-9B3C-A41CE766B241}.Release|x86.Build.0 = Release|Win32
	EndGlobalSection
	GlobalSection(SolutionProperties) = preSolution
		HideSolutionNode = FALSE
	EndGlobalSection
	GlobalSection(ExtensibilityGlobals) = postSolution
		SolutionGuid = {0B113264-9201-4A85-A809-AF1C85D77584}
	EndGlobalSection
EndGlobal
